// !$*UTF8*$!
{
	archiveVersion = 1;
	classes = {
	};
	objectVersion = 50;
	objects = {

/* Begin PBXBuildFile section */
		4C09A97B254C7BCF00F06B6A /* AppDelegate.swift in Sources */ = {isa = PBXBuildFile; fileRef = 4C09A97A254C7BCF00F06B6A /* AppDelegate.swift */; };
		4C09A97D254C7BCF00F06B6A /* SceneDelegate.swift in Sources */ = {isa = PBXBuildFile; fileRef = 4C09A97C254C7BCF00F06B6A /* SceneDelegate.swift */; };
		4C09A97F254C7BCF00F06B6A /* HomeViewController.swift in Sources */ = {isa = PBXBuildFile; fileRef = 4C09A97E254C7BCF00F06B6A /* HomeViewController.swift */; };
		4C09A982254C7BCF00F06B6A /* Main.storyboard in Resources */ = {isa = PBXBuildFile; fileRef = 4C09A980254C7BCF00F06B6A /* Main.storyboard */; };
		4C09A984254C7BD500F06B6A /* Assets.xcassets in Resources */ = {isa = PBXBuildFile; fileRef = 4C09A983254C7BD500F06B6A /* Assets.xcassets */; };
		4C09A987254C7BD500F06B6A /* LaunchScreen.storyboard in Resources */ = {isa = PBXBuildFile; fileRef = 4C09A985254C7BD500F06B6A /* LaunchScreen.storyboard */; };
		4C09A991254C7C4900F06B6A /* BannerCell.swift in Sources */ = {isa = PBXBuildFile; fileRef = 4C09A98F254C7C4900F06B6A /* BannerCell.swift */; };
		4C09A992254C7C4900F06B6A /* BannerCell.xib in Resources */ = {isa = PBXBuildFile; fileRef = 4C09A990254C7C4900F06B6A /* BannerCell.xib */; };
		4C09A995254C7D4B00F06B6A /* FoodViewCell.swift in Sources */ = {isa = PBXBuildFile; fileRef = 4C09A993254C7D4B00F06B6A /* FoodViewCell.swift */; };
		4C09A996254C7D4B00F06B6A /* FoodViewCell.xib in Resources */ = {isa = PBXBuildFile; fileRef = 4C09A994254C7D4B00F06B6A /* FoodViewCell.xib */; };
		4C6BEB0E254EBCE5008DE2A8 /* CartButtonView.swift in Sources */ = {isa = PBXBuildFile; fileRef = 4C6BEB0D254EBCE5008DE2A8 /* CartButtonView.swift */; };
		4C6BEB10254EBCFA008DE2A8 /* CartButtonView.xib in Resources */ = {isa = PBXBuildFile; fileRef = 4C6BEB0F254EBCFA008DE2A8 /* CartButtonView.xib */; };
		4C6BEB13254ECB8B008DE2A8 /* DataRepository.swift in Sources */ = {isa = PBXBuildFile; fileRef = 4C6BEB12254ECB8B008DE2A8 /* DataRepository.swift */; };
		4C6BEB18254ECC17008DE2A8 /* CategoryMenuRepositoryMock.swift in Sources */ = {isa = PBXBuildFile; fileRef = 4C6BEB17254ECC17008DE2A8 /* CategoryMenuRepositoryMock.swift */; };
		4C6BEB1A254ECCDF008DE2A8 /* JsonPersistentSrorage.swift in Sources */ = {isa = PBXBuildFile; fileRef = 4C6BEB19254ECCDF008DE2A8 /* JsonPersistentSrorage.swift */; };
		4C6BEB1C254ECE47008DE2A8 /* RepositoryManager.swift in Sources */ = {isa = PBXBuildFile; fileRef = 4C6BEB1B254ECE47008DE2A8 /* RepositoryManager.swift */; };
		4C6BEB1F254ECEA0008DE2A8 /* HomeViewModel.swift in Sources */ = {isa = PBXBuildFile; fileRef = 4C6BEB1E254ECEA0008DE2A8 /* HomeViewModel.swift */; };
		4C6BEB22254ED251008DE2A8 /* CollectionLayoutManager.swift in Sources */ = {isa = PBXBuildFile; fileRef = 4C6BEB21254ED251008DE2A8 /* CollectionLayoutManager.swift */; };
		4C70E9B8254DCCB400F34555 /* HomeBottomControlsStackView.swift in Sources */ = {isa = PBXBuildFile; fileRef = 4C70E9B7254DCCB400F34555 /* HomeBottomControlsStackView.swift */; };
		4C70E9BB254DD0B800F34555 /* MenuInfo.json in Resources */ = {isa = PBXBuildFile; fileRef = 4C70E9BA254DD0B800F34555 /* MenuInfo.json */; };
		4C70E9BE254DD24900F34555 /* MenuCategoryModel.swift in Sources */ = {isa = PBXBuildFile; fileRef = 4C70E9BD254DD24900F34555 /* MenuCategoryModel.swift */; };
		4C70E9C1254DDB7300F34555 /* Protocols.swift in Sources */ = {isa = PBXBuildFile; fileRef = 4C70E9C0254DDB7300F34555 /* Protocols.swift */; };
		4C8E3678254D873C00907C30 /* CategoryView.swift in Sources */ = {isa = PBXBuildFile; fileRef = 4C8E3676254D873C00907C30 /* CategoryView.swift */; };
		4C8E3679254D873C00907C30 /* CategoryView.xib in Resources */ = {isa = PBXBuildFile; fileRef = 4C8E3677254D873C00907C30 /* CategoryView.xib */; };
/* End PBXBuildFile section */

/* Begin PBXFileReference section */
		4C09A977254C7BCE00F06B6A /* FoodDeliveryApp.app */ = {isa = PBXFileReference; explicitFileType = wrapper.application; includeInIndex = 0; path = FoodDeliveryApp.app; sourceTree = BUILT_PRODUCTS_DIR; };
		4C09A97A254C7BCF00F06B6A /* AppDelegate.swift */ = {isa = PBXFileReference; lastKnownFileType = sourcecode.swift; path = AppDelegate.swift; sourceTree = "<group>"; };
		4C09A97C254C7BCF00F06B6A /* SceneDelegate.swift */ = {isa = PBXFileReference; lastKnownFileType = sourcecode.swift; path = SceneDelegate.swift; sourceTree = "<group>"; };
		4C09A97E254C7BCF00F06B6A /* HomeViewController.swift */ = {isa = PBXFileReference; lastKnownFileType = sourcecode.swift; path = HomeViewController.swift; sourceTree = "<group>"; };
		4C09A981254C7BCF00F06B6A /* Base */ = {isa = PBXFileReference; lastKnownFileType = file.storyboard; name = Base; path = Base.lproj/Main.storyboard; sourceTree = "<group>"; };
		4C09A983254C7BD500F06B6A /* Assets.xcassets */ = {isa = PBXFileReference; lastKnownFileType = folder.assetcatalog; path = Assets.xcassets; sourceTree = "<group>"; };
		4C09A986254C7BD500F06B6A /* Base */ = {isa = PBXFileReference; lastKnownFileType = file.storyboard; name = Base; path = Base.lproj/LaunchScreen.storyboard; sourceTree = "<group>"; };
		4C09A988254C7BD500F06B6A /* Info.plist */ = {isa = PBXFileReference; lastKnownFileType = text.plist.xml; path = Info.plist; sourceTree = "<group>"; };
		4C09A98F254C7C4900F06B6A /* BannerCell.swift */ = {isa = PBXFileReference; lastKnownFileType = sourcecode.swift; path = BannerCell.swift; sourceTree = "<group>"; };
		4C09A990254C7C4900F06B6A /* BannerCell.xib */ = {isa = PBXFileReference; lastKnownFileType = file.xib; path = BannerCell.xib; sourceTree = "<group>"; };
		4C09A993254C7D4B00F06B6A /* FoodViewCell.swift */ = {isa = PBXFileReference; lastKnownFileType = sourcecode.swift; path = FoodViewCell.swift; sourceTree = "<group>"; };
		4C09A994254C7D4B00F06B6A /* FoodViewCell.xib */ = {isa = PBXFileReference; lastKnownFileType = file.xib; path = FoodViewCell.xib; sourceTree = "<group>"; };
		4C6BEB0D254EBCE5008DE2A8 /* CartButtonView.swift */ = {isa = PBXFileReference; lastKnownFileType = sourcecode.swift; path = CartButtonView.swift; sourceTree = "<group>"; };
		4C6BEB0F254EBCFA008DE2A8 /* CartButtonView.xib */ = {isa = PBXFileReference; lastKnownFileType = file.xib; path = CartButtonView.xib; sourceTree = "<group>"; };
		4C6BEB12254ECB8B008DE2A8 /* DataRepository.swift */ = {isa = PBXFileReference; fileEncoding = 4; lastKnownFileType = sourcecode.swift; path = DataRepository.swift; sourceTree = "<group>"; };
		4C6BEB17254ECC17008DE2A8 /* CategoryMenuRepositoryMock.swift */ = {isa = PBXFileReference; lastKnownFileType = sourcecode.swift; path = CategoryMenuRepositoryMock.swift; sourceTree = "<group>"; };
		4C6BEB19254ECCDF008DE2A8 /* JsonPersistentSrorage.swift */ = {isa = PBXFileReference; lastKnownFileType = sourcecode.swift; path = JsonPersistentSrorage.swift; sourceTree = "<group>"; };
		4C6BEB1B254ECE47008DE2A8 /* RepositoryManager.swift */ = {isa = PBXFileReference; fileEncoding = 4; lastKnownFileType = sourcecode.swift; path = RepositoryManager.swift; sourceTree = "<group>"; };
		4C6BEB1E254ECEA0008DE2A8 /* HomeViewModel.swift */ = {isa = PBXFileReference; fileEncoding = 4; lastKnownFileType = sourcecode.swift; path = HomeViewModel.swift; sourceTree = "<group>"; };
		4C6BEB21254ED251008DE2A8 /* CollectionLayoutManager.swift */ = {isa = PBXFileReference; lastKnownFileType = sourcecode.swift; path = CollectionLayoutManager.swift; sourceTree = "<group>"; };
		4C70E9B7254DCCB400F34555 /* HomeBottomControlsStackView.swift */ = {isa = PBXFileReference; lastKnownFileType = sourcecode.swift; path = HomeBottomControlsStackView.swift; sourceTree = "<group>"; };
		4C70E9BA254DD0B800F34555 /* MenuInfo.json */ = {isa = PBXFileReference; fileEncoding = 4; lastKnownFileType = text.json; path = MenuInfo.json; sourceTree = "<group>"; };
		4C70E9BD254DD24900F34555 /* MenuCategoryModel.swift */ = {isa = PBXFileReference; fileEncoding = 4; lastKnownFileType = sourcecode.swift; path = MenuCategoryModel.swift; sourceTree = "<group>"; };
		4C70E9C0254DDB7300F34555 /* Protocols.swift */ = {isa = PBXFileReference; lastKnownFileType = sourcecode.swift; path = Protocols.swift; sourceTree = "<group>"; };
		4C8E3676254D873C00907C30 /* CategoryView.swift */ = {isa = PBXFileReference; lastKnownFileType = sourcecode.swift; path = CategoryView.swift; sourceTree = "<group>"; };
		4C8E3677254D873C00907C30 /* CategoryView.xib */ = {isa = PBXFileReference; lastKnownFileType = file.xib; path = CategoryView.xib; sourceTree = "<group>"; };
/* End PBXFileReference section */

/* Begin PBXFrameworksBuildPhase section */
		4C09A974254C7BCE00F06B6A /* Frameworks */ = {
			isa = PBXFrameworksBuildPhase;
			buildActionMask = 2147483647;
			files = (
			);
			runOnlyForDeploymentPostprocessing = 0;
		};
/* End PBXFrameworksBuildPhase section */

/* Begin PBXGroup section */
		4C09A96E254C7BCE00F06B6A = {
			isa = PBXGroup;
			children = (
				4C09A979254C7BCE00F06B6A /* FoodDeliveryApp */,
				4C09A978254C7BCE00F06B6A /* Products */,
			);
			sourceTree = "<group>";
		};
		4C09A978254C7BCE00F06B6A /* Products */ = {
			isa = PBXGroup;
			children = (
				4C09A977254C7BCE00F06B6A /* FoodDeliveryApp.app */,
			);
			name = Products;
			sourceTree = "<group>";
		};
		4C09A979254C7BCE00F06B6A /* FoodDeliveryApp */ = {
			isa = PBXGroup;
			children = (
				4C6BEB20254ED236008DE2A8 /* Controller */,
				4C6BEB1D254ECE8A008DE2A8 /* ViewModel */,
				4C6BEB11254ECB5A008DE2A8 /* Repository */,
				4C70E9BF254DDB6500F34555 /* Protocol */,
				4C70E9BC254DD1AF00F34555 /* Model */,
				4C70E9B9254DD07F00F34555 /* Data */,
				4C70E9B6254DCC9F00F34555 /* View */,
				4C09A98E254C7C2100F06B6A /* Cell */,
				4C09A97A254C7BCF00F06B6A /* AppDelegate.swift */,
				4C09A97C254C7BCF00F06B6A /* SceneDelegate.swift */,
				4C09A980254C7BCF00F06B6A /* Main.storyboard */,
				4C09A983254C7BD500F06B6A /* Assets.xcassets */,
				4C09A985254C7BD500F06B6A /* LaunchScreen.storyboard */,
				4C09A988254C7BD500F06B6A /* Info.plist */,
			);
			path = FoodDeliveryApp;
			sourceTree = "<group>";
		};
		4C09A98E254C7C2100F06B6A /* Cell */ = {
			isa = PBXGroup;
			children = (
				4C09A98F254C7C4900F06B6A /* BannerCell.swift */,
				4C09A990254C7C4900F06B6A /* BannerCell.xib */,
				4C09A993254C7D4B00F06B6A /* FoodViewCell.swift */,
				4C09A994254C7D4B00F06B6A /* FoodViewCell.xib */,
				4C8E3676254D873C00907C30 /* CategoryView.swift */,
				4C8E3677254D873C00907C30 /* CategoryView.xib */,
			);
			path = Cell;
			sourceTree = "<group>";
		};
		4C6BEB11254ECB5A008DE2A8 /* Repository */ = {
			isa = PBXGroup;
			children = (
				4C6BEB16254ECBCB008DE2A8 /* Mock Data */,
				4C6BEB15254ECBAC008DE2A8 /* Realm */,
				4C6BEB14254ECB99008DE2A8 /* Core Data */,
				4C6BEB12254ECB8B008DE2A8 /* DataRepository.swift */,
				4C6BEB1B254ECE47008DE2A8 /* RepositoryManager.swift */,
			);
			path = Repository;
			sourceTree = "<group>";
		};
		4C6BEB14254ECB99008DE2A8 /* Core Data */ = {
			isa = PBXGroup;
			children = (
			);
			path = "Core Data";
			sourceTree = "<group>";
		};
		4C6BEB15254ECBAC008DE2A8 /* Realm */ = {
			isa = PBXGroup;
			children = (
			);
			path = Realm;
			sourceTree = "<group>";
		};
		4C6BEB16254ECBCB008DE2A8 /* Mock Data */ = {
			isa = PBXGroup;
			children = (
				4C6BEB17254ECC17008DE2A8 /* CategoryMenuRepositoryMock.swift */,
				4C6BEB19254ECCDF008DE2A8 /* JsonPersistentSrorage.swift */,
			);
			path = "Mock Data";
			sourceTree = "<group>";
		};
		4C6BEB1D254ECE8A008DE2A8 /* ViewModel */ = {
			isa = PBXGroup;
			children = (
				4C6BEB1E254ECEA0008DE2A8 /* HomeViewModel.swift */,
			);
			path = ViewModel;
			sourceTree = "<group>";
		};
		4C6BEB20254ED236008DE2A8 /* Controller */ = {
			isa = PBXGroup;
			children = (
				4C09A97E254C7BCF00F06B6A /* HomeViewController.swift */,
				4C6BEB21254ED251008DE2A8 /* CollectionLayoutManager.swift */,
			);
			path = Controller;
			sourceTree = "<group>";
		};
		4C70E9B6254DCC9F00F34555 /* View */ = {
			isa = PBXGroup;
			children = (
				4C70E9B7254DCCB400F34555 /* HomeBottomControlsStackView.swift */,
				4C6BEB0D254EBCE5008DE2A8 /* CartButtonView.swift */,
				4C6BEB0F254EBCFA008DE2A8 /* CartButtonView.xib */,
			);
			path = View;
			sourceTree = "<group>";
		};
		4C70E9B9254DD07F00F34555 /* Data */ = {
			isa = PBXGroup;
			children = (
				4C70E9BA254DD0B800F34555 /* MenuInfo.json */,
			);
			path = Data;
			sourceTree = "<group>";
		};
		4C70E9BC254DD1AF00F34555 /* Model */ = {
			isa = PBXGroup;
			children = (
				4C70E9BD254DD24900F34555 /* MenuCategoryModel.swift */,
			);
			path = Model;
			sourceTree = "<group>";
		};
		4C70E9BF254DDB6500F34555 /* Protocol */ = {
			isa = PBXGroup;
			children = (
				4C70E9C0254DDB7300F34555 /* Protocols.swift */,
			);
			path = Protocol;
			sourceTree = "<group>";
		};
/* End PBXGroup section */

/* Begin PBXNativeTarget section */
		4C09A976254C7BCE00F06B6A /* FoodDeliveryApp */ = {
			isa = PBXNativeTarget;
			buildConfigurationList = 4C09A98B254C7BD500F06B6A /* Build configuration list for PBXNativeTarget "FoodDeliveryApp" */;
			buildPhases = (
				4C09A973254C7BCE00F06B6A /* Sources */,
				4C09A974254C7BCE00F06B6A /* Frameworks */,
				4C09A975254C7BCE00F06B6A /* Resources */,
			);
			buildRules = (
			);
			dependencies = (
			);
			name = FoodDeliveryApp;
			productName = FoodDeliveryApp;
			productReference = 4C09A977254C7BCE00F06B6A /* FoodDeliveryApp.app */;
			productType = "com.apple.product-type.application";
		};
/* End PBXNativeTarget section */

/* Begin PBXProject section */
		4C09A96F254C7BCE00F06B6A /* Project object */ = {
			isa = PBXProject;
			attributes = {
				LastSwiftUpdateCheck = 1160;
				LastUpgradeCheck = 1160;
				ORGANIZATIONNAME = "Shantaram K";
				TargetAttributes = {
					4C09A976254C7BCE00F06B6A = {
						CreatedOnToolsVersion = 11.6;
					};
				};
			};
			buildConfigurationList = 4C09A972254C7BCE00F06B6A /* Build configuration list for PBXProject "FoodDeliveryApp" */;
			compatibilityVersion = "Xcode 9.3";
			developmentRegion = en;
			hasScannedForEncodings = 0;
			knownRegions = (
				en,
				Base,
			);
			mainGroup = 4C09A96E254C7BCE00F06B6A;
			productRefGroup = 4C09A978254C7BCE00F06B6A /* Products */;
			projectDirPath = "";
			projectRoot = "";
			targets = (
				4C09A976254C7BCE00F06B6A /* FoodDeliveryApp */,
			);
		};
/* End PBXProject section */

/* Begin PBXResourcesBuildPhase section */
		4C09A975254C7BCE00F06B6A /* Resources */ = {
			isa = PBXResourcesBuildPhase;
			buildActionMask = 2147483647;
			files = (
				4C09A987254C7BD500F06B6A /* LaunchScreen.storyboard in Resources */,
				4C09A992254C7C4900F06B6A /* BannerCell.xib in Resources */,
				4C70E9BB254DD0B800F34555 /* MenuInfo.json in Resources */,
				4C09A996254C7D4B00F06B6A /* FoodViewCell.xib in Resources */,
				4C6BEB10254EBCFA008DE2A8 /* CartButtonView.xib in Resources */,
				4C09A984254C7BD500F06B6A /* Assets.xcassets in Resources */,
				4C8E3679254D873C00907C30 /* CategoryView.xib in Resources */,
				4C09A982254C7BCF00F06B6A /* Main.storyboard in Resources */,
			);
			runOnlyForDeploymentPostprocessing = 0;
		};
/* End PBXResourcesBuildPhase section */

/* Begin PBXSourcesBuildPhase section */
		4C09A973254C7BCE00F06B6A /* Sources */ = {
			isa = PBXSourcesBuildPhase;
			buildActionMask = 2147483647;
			files = (
				4C6BEB0E254EBCE5008DE2A8 /* CartButtonView.swift in Sources */,
				4C6BEB1A254ECCDF008DE2A8 /* JsonPersistentSrorage.swift in Sources */,
				4C09A995254C7D4B00F06B6A /* FoodViewCell.swift in Sources */,
				4C6BEB13254ECB8B008DE2A8 /* DataRepository.swift in Sources */,
				4C70E9B8254DCCB400F34555 /* HomeBottomControlsStackView.swift in Sources */,
				4C6BEB18254ECC17008DE2A8 /* CategoryMenuRepositoryMock.swift in Sources */,
				4C09A97F254C7BCF00F06B6A /* HomeViewController.swift in Sources */,
				4C6BEB1C254ECE47008DE2A8 /* RepositoryManager.swift in Sources */,
				4C70E9C1254DDB7300F34555 /* Protocols.swift in Sources */,
				4C8E3678254D873C00907C30 /* CategoryView.swift in Sources */,
				4C09A991254C7C4900F06B6A /* BannerCell.swift in Sources */,
				4C09A97B254C7BCF00F06B6A /* AppDelegate.swift in Sources */,
				4C70E9BE254DD24900F34555 /* MenuCategoryModel.swift in Sources */,
				4C6BEB22254ED251008DE2A8 /* CollectionLayoutManager.swift in Sources */,
				4C6BEB1F254ECEA0008DE2A8 /* HomeViewModel.swift in Sources */,
				4C09A97D254C7BCF00F06B6A /* SceneDelegate.swift in Sources */,
			);
			runOnlyForDeploymentPostprocessing = 0;
		};
/* End PBXSourcesBuildPhase section */

/* Begin PBXVariantGroup section */
		4C09A980254C7BCF00F06B6A /* Main.storyboard */ = {
			isa = PBXVariantGroup;
			children = (
				4C09A981254C7BCF00F06B6A /* Base */,
			);
			name = Main.storyboard;
			sourceTree = "<group>";
		};
		4C09A985254C7BD500F06B6A /* LaunchScreen.storyboard */ = {
			isa = PBXVariantGroup;
			children = (
				4C09A986254C7BD500F06B6A /* Base */,
			);
			name = LaunchScreen.storyboard;
			sourceTree = "<group>";
		};
/* End PBXVariantGroup section */

/* Begin XCBuildConfiguration section */
		4C09A989254C7BD500F06B6A /* Debug */ = {
			isa = XCBuildConfiguration;
			buildSettings = {
				ALWAYS_SEARCH_USER_PATHS = NO;
				CLANG_ANALYZER_NONNULL = YES;
				CLANG_ANALYZER_NUMBER_OBJECT_CONVERSION = YES_AGGRESSIVE;
				CLANG_CXX_LANGUAGE_STANDARD = "gnu++14";
				CLANG_CXX_LIBRARY = "libc++";
				CLANG_ENABLE_MODULES = YES;
				CLANG_ENABLE_OBJC_ARC = YES;
				CLANG_ENABLE_OBJC_WEAK = YES;
				CLANG_WARN_BLOCK_CAPTURE_AUTORELEASING = YES;
				CLANG_WARN_BOOL_CONVERSION = YES;
				CLANG_WARN_COMMA = YES;
				CLANG_WARN_CONSTANT_CONVERSION = YES;
				CLANG_WARN_DEPRECATED_OBJC_IMPLEMENTATIONS = YES;
				CLANG_WARN_DIRECT_OBJC_ISA_USAGE = YES_ERROR;
				CLANG_WARN_DOCUMENTATION_COMMENTS = YES;
				CLANG_WARN_EMPTY_BODY = YES;
				CLANG_WARN_ENUM_CONVERSION = YES;
				CLANG_WARN_INFINITE_RECURSION = YES;
				CLANG_WARN_INT_CONVERSION = YES;
				CLANG_WARN_NON_LITERAL_NULL_CONVERSION = YES;
				CLANG_WARN_OBJC_IMPLICIT_RETAIN_SELF = YES;
				CLANG_WARN_OBJC_LITERAL_CONVERSION = YES;
				CLANG_WARN_OBJC_ROOT_CLASS = YES_ERROR;
				CLANG_WARN_RANGE_LOOP_ANALYSIS = YES;
				CLANG_WARN_STRICT_PROTOTYPES = YES;
				CLANG_WARN_SUSPICIOUS_MOVE = YES;
				CLANG_WARN_UNGUARDED_AVAILABILITY = YES_AGGRESSIVE;
				CLANG_WARN_UNREACHABLE_CODE = YES;
				CLANG_WARN__DUPLICATE_METHOD_MATCH = YES;
				COPY_PHASE_STRIP = NO;
				DEBUG_INFORMATION_FORMAT = dwarf;
				ENABLE_STRICT_OBJC_MSGSEND = YES;
				ENABLE_TESTABILITY = YES;
				GCC_C_LANGUAGE_STANDARD = gnu11;
				GCC_DYNAMIC_NO_PIC = NO;
				GCC_NO_COMMON_BLOCKS = YES;
				GCC_OPTIMIZATION_LEVEL = 0;
				GCC_PREPROCESSOR_DEFINITIONS = (
					"DEBUG=1",
					"$(inherited)",
				);
				GCC_WARN_64_TO_32_BIT_CONVERSION = YES;
				GCC_WARN_ABOUT_RETURN_TYPE = YES_ERROR;
				GCC_WARN_UNDECLARED_SELECTOR = YES;
				GCC_WARN_UNINITIALIZED_AUTOS = YES_AGGRESSIVE;
				GCC_WARN_UNUSED_FUNCTION = YES;
				GCC_WARN_UNUSED_VARIABLE = YES;
				IPHONEOS_DEPLOYMENT_TARGET = 13.6;
				MTL_ENABLE_DEBUG_INFO = INCLUDE_SOURCE;
				MTL_FAST_MATH = YES;
				ONLY_ACTIVE_ARCH = YES;
				SDKROOT = iphoneos;
				SWIFT_ACTIVE_COMPILATION_CONDITIONS = DEBUG;
				SWIFT_OPTIMIZATION_LEVEL = "-Onone";
			};
			name = Debug;
		};
		4C09A98A254C7BD500F06B6A /* Release */ = {
			isa = XCBuildConfiguration;
			buildSettings = {
				ALWAYS_SEARCH_USER_PATHS = NO;
				CLANG_ANALYZER_NONNULL = YES;
				CLANG_ANALYZER_NUMBER_OBJECT_CONVERSION = YES_AGGRESSIVE;
				CLANG_CXX_LANGUAGE_STANDARD = "gnu++14";
				CLANG_CXX_LIBRARY = "libc++";
				CLANG_ENABLE_MODULES = YES;
				CLANG_ENABLE_OBJC_ARC = YES;
				CLANG_ENABLE_OBJC_WEAK = YES;
				CLANG_WARN_BLOCK_CAPTURE_AUTORELEASING = YES;
				CLANG_WARN_BOOL_CONVERSION = YES;
				CLANG_WARN_COMMA = YES;
				CLANG_WARN_CONSTANT_CONVERSION = YES;
				CLANG_WARN_DEPRECATED_OBJC_IMPLEMENTATIONS = YES;
				CLANG_WARN_DIRECT_OBJC_ISA_USAGE = YES_ERROR;
				CLANG_WARN_DOCUMENTATION_COMMENTS = YES;
				CLANG_WARN_EMPTY_BODY = YES;
				CLANG_WARN_ENUM_CONVERSION = YES;
				CLANG_WARN_INFINITE_RECURSION = YES;
				CLANG_WARN_INT_CONVERSION = YES;
				CLANG_WARN_NON_LITERAL_NULL_CONVERSION = YES;
				CLANG_WARN_OBJC_IMPLICIT_RETAIN_SELF = YES;
				CLANG_WARN_OBJC_LITERAL_CONVERSION = YES;
				CLANG_WARN_OBJC_ROOT_CLASS = YES_ERROR;
				CLANG_WARN_RANGE_LOOP_ANALYSIS = YES;
				CLANG_WARN_STRICT_PROTOTYPES = YES;
				CLANG_WARN_SUSPICIOUS_MOVE = YES;
				CLANG_WARN_UNGUARDED_AVAILABILITY = YES_AGGRESSIVE;
				CLANG_WARN_UNREACHABLE_CODE = YES;
				CLANG_WARN__DUPLICATE_METHOD_MATCH = YES;
				COPY_PHASE_STRIP = NO;
				DEBUG_INFORMATION_FORMAT = "dwarf-with-dsym";
				ENABLE_NS_ASSERTIONS = NO;
				ENABLE_STRICT_OBJC_MSGSEND = YES;
				GCC_C_LANGUAGE_STANDARD = gnu11;
				GCC_NO_COMMON_BLOCKS = YES;
				GCC_WARN_64_TO_32_BIT_CONVERSION = YES;
				GCC_WARN_ABOUT_RETURN_TYPE = YES_ERROR;
				GCC_WARN_UNDECLARED_SELECTOR = YES;
				GCC_WARN_UNINITIALIZED_AUTOS = YES_AGGRESSIVE;
				GCC_WARN_UNUSED_FUNCTION = YES;
				GCC_WARN_UNUSED_VARIABLE = YES;
				IPHONEOS_DEPLOYMENT_TARGET = 13.6;
				MTL_ENABLE_DEBUG_INFO = NO;
				MTL_FAST_MATH = YES;
				SDKROOT = iphoneos;
				SWIFT_COMPILATION_MODE = wholemodule;
				SWIFT_OPTIMIZATION_LEVEL = "-O";
				VALIDATE_PRODUCT = YES;
			};
			name = Release;
		};
		4C09A98C254C7BD500F06B6A /* Debug */ = {
			isa = XCBuildConfiguration;
			buildSettings = {
				ASSETCATALOG_COMPILER_APPICON_NAME = AppIcon;
				CODE_SIGN_STYLE = Automatic;
				DEVELOPMENT_TEAM = GA4BAP9K3F;
				INFOPLIST_FILE = FoodDeliveryApp/Info.plist;
				IPHONEOS_DEPLOYMENT_TARGET = 13.0;
				LD_RUNPATH_SEARCH_PATHS = (
					"$(inherited)",
					"@executable_path/Frameworks",
				);
				PRODUCT_BUNDLE_IDENTIFIER = www.www.demo1;
				PRODUCT_NAME = "$(TARGET_NAME)";
				SWIFT_VERSION = 5.0;
				TARGETED_DEVICE_FAMILY = "1,2";
			};
			name = Debug;
		};
		4C09A98D254C7BD500F06B6A /* Release */ = {
			isa = XCBuildConfiguration;
			buildSettings = {
				ASSETCATALOG_COMPILER_APPICON_NAME = AppIcon;
				CODE_SIGN_STYLE = Automatic;
				DEVELOPMENT_TEAM = GA4BAP9K3F;
				INFOPLIST_FILE = FoodDeliveryApp/Info.plist;
				IPHONEOS_DEPLOYMENT_TARGET = 13.0;
				LD_RUNPATH_SEARCH_PATHS = (
					"$(inherited)",
					"@executable_path/Frameworks",
				);
				PRODUCT_BUNDLE_IDENTIFIER = www.www.demo1;
				PRODUCT_NAME = "$(TARGET_NAME)";
				SWIFT_VERSION = 5.0;
				TARGETED_DEVICE_FAMILY = "1,2";
			};
			name = Release;
		};
/* End XCBuildConfiguration section */

/* Begin XCConfigurationList section */
		4C09A972254C7BCE00F06B6A /* Build configuration list for PBXProject "FoodDeliveryApp" */ = {
			isa = XCConfigurationList;
			buildConfigurations = (
				4C09A989254C7BD500F06B6A /* Debug */,
				4C09A98A254C7BD500F06B6A /* Release */,
			);
			defaultConfigurationIsVisible = 0;
			defaultConfigurationName = Release;
		};
		4C09A98B254C7BD500F06B6A /* Build configuration list for PBXNativeTarget "FoodDeliveryApp" */ = {
			isa = XCConfigurationList;
			buildConfigurations = (
				4C09A98C254C7BD500F06B6A /* Debug */,
				4C09A98D254C7BD500F06B6A /* Release */,
			);
			defaultConfigurationIsVisible = 0;
			defaultConfigurationName = Release;
		};
/* End XCConfigurationList section */
	};
	rootObject = 4C09A96F254C7BCE00F06B6A /* Project object */;
}
