// !$*UTF8*$!
{
	archiveVersion = 1;
	classes = {
	};
	objectVersion = 50;
	objects = {

/* Begin PBXBuildFile section */
		4C09A97B254C7BCF00F06B6A /* AppDelegate.swift in Sources */ = {isa = PBXBuildFile; fileRef = 4C09A97A254C7BCF00F06B6A /* AppDelegate.swift */; };
		4C09A97D254C7BCF00F06B6A /* SceneDelegate.swift in Sources */ = {isa = PBXBuildFile; fileRef = 4C09A97C254C7BCF00F06B6A /* SceneDelegate.swift */; };
		4C09A982254C7BCF00F06B6A /* Main.storyboard in Resources */ = {isa = PBXBuildFile; fileRef = 4C09A980254C7BCF00F06B6A /* Main.storyboard */; };
		4C09A984254C7BD500F06B6A /* Assets.xcassets in Resources */ = {isa = PBXBuildFile; fileRef = 4C09A983254C7BD500F06B6A /* Assets.xcassets */; };
		4C09A987254C7BD500F06B6A /* LaunchScreen.storyboard in Resources */ = {isa = PBXBuildFile; fileRef = 4C09A985254C7BD500F06B6A /* LaunchScreen.storyboard */; };
		4C223844254EEC1A00DE4218 /* AppRouter.swift in Sources */ = {isa = PBXBuildFile; fileRef = 4C223843254EEC1A00DE4218 /* AppRouter.swift */; };
		4C223847254EEC5A00DE4218 /* AppPresenter.swift in Sources */ = {isa = PBXBuildFile; fileRef = 4C223846254EEC5A00DE4218 /* AppPresenter.swift */; };
		4C223849254EFBEE00DE4218 /* HomeViewController+CollectionView.swift in Sources */ = {isa = PBXBuildFile; fileRef = 4C223848254EFBEE00DE4218 /* HomeViewController+CollectionView.swift */; };
		4C22384C254EFF1700DE4218 /* CartRootViewController.swift in Sources */ = {isa = PBXBuildFile; fileRef = 4C22384B254EFF1700DE4218 /* CartRootViewController.swift */; };
		4C223850254F056300DE4218 /* CartListViewController.swift in Sources */ = {isa = PBXBuildFile; fileRef = 4C22384F254F056300DE4218 /* CartListViewController.swift */; };
		4C223853254F062E00DE4218 /* WeekDayTableViewCell.swift in Sources */ = {isa = PBXBuildFile; fileRef = 4C223852254F062E00DE4218 /* WeekDayTableViewCell.swift */; };
		4C223856254F06C600DE4218 /* UIView+Anchors.swift in Sources */ = {isa = PBXBuildFile; fileRef = 4C223855254F06C600DE4218 /* UIView+Anchors.swift */; };
		4C6BEB13254ECB8B008DE2A8 /* DataRepository.swift in Sources */ = {isa = PBXBuildFile; fileRef = 4C6BEB12254ECB8B008DE2A8 /* DataRepository.swift */; };
		4C6BEB18254ECC17008DE2A8 /* CategoryMenuRepositoryMock.swift in Sources */ = {isa = PBXBuildFile; fileRef = 4C6BEB17254ECC17008DE2A8 /* CategoryMenuRepositoryMock.swift */; };
		4C6BEB1A254ECCDF008DE2A8 /* JsonPersistentSrorage.swift in Sources */ = {isa = PBXBuildFile; fileRef = 4C6BEB19254ECCDF008DE2A8 /* JsonPersistentSrorage.swift */; };
		4C6BEB1C254ECE47008DE2A8 /* RepositoryManager.swift in Sources */ = {isa = PBXBuildFile; fileRef = 4C6BEB1B254ECE47008DE2A8 /* RepositoryManager.swift */; };
		4C6BEB1F254ECEA0008DE2A8 /* HomeViewModel.swift in Sources */ = {isa = PBXBuildFile; fileRef = 4C6BEB1E254ECEA0008DE2A8 /* HomeViewModel.swift */; };
		4C6BEB59254EE091008DE2A8 /* HomeViewPresenter.swift in Sources */ = {isa = PBXBuildFile; fileRef = 4C6BEB58254EE091008DE2A8 /* HomeViewPresenter.swift */; };
		4C6BEB6A254EE2AA008DE2A8 /* CollectionLayoutManager.swift in Sources */ = {isa = PBXBuildFile; fileRef = 4C6BEB5B254EE2AA008DE2A8 /* CollectionLayoutManager.swift */; };
		4C6BEB6B254EE2AA008DE2A8 /* HomeViewController.swift in Sources */ = {isa = PBXBuildFile; fileRef = 4C6BEB5D254EE2AA008DE2A8 /* HomeViewController.swift */; };
		4C6BEB6C254EE2AA008DE2A8 /* CategoryView.swift in Sources */ = {isa = PBXBuildFile; fileRef = 4C6BEB60254EE2AA008DE2A8 /* CategoryView.swift */; };
		4C6BEB6D254EE2AA008DE2A8 /* BannerCell.swift in Sources */ = {isa = PBXBuildFile; fileRef = 4C6BEB61254EE2AA008DE2A8 /* BannerCell.swift */; };
		4C6BEB6E254EE2AA008DE2A8 /* FoodViewCell.swift in Sources */ = {isa = PBXBuildFile; fileRef = 4C6BEB62254EE2AA008DE2A8 /* FoodViewCell.swift */; };
		4C6BEB6F254EE2AA008DE2A8 /* CategoryView.xib in Resources */ = {isa = PBXBuildFile; fileRef = 4C6BEB63254EE2AA008DE2A8 /* CategoryView.xib */; };
		4C6BEB70254EE2AA008DE2A8 /* FoodViewCell.xib in Resources */ = {isa = PBXBuildFile; fileRef = 4C6BEB64254EE2AA008DE2A8 /* FoodViewCell.xib */; };
		4C6BEB71254EE2AA008DE2A8 /* BannerCell.xib in Resources */ = {isa = PBXBuildFile; fileRef = 4C6BEB65254EE2AA008DE2A8 /* BannerCell.xib */; };
		4C6BEB72254EE2AA008DE2A8 /* CartButtonView.swift in Sources */ = {isa = PBXBuildFile; fileRef = 4C6BEB67254EE2AA008DE2A8 /* CartButtonView.swift */; };
		4C6BEB73254EE2AA008DE2A8 /* HomeBottomControlsStackView.swift in Sources */ = {isa = PBXBuildFile; fileRef = 4C6BEB68254EE2AA008DE2A8 /* HomeBottomControlsStackView.swift */; };
		4C6BEB74254EE2AA008DE2A8 /* CartButtonView.xib in Resources */ = {isa = PBXBuildFile; fileRef = 4C6BEB69254EE2AA008DE2A8 /* CartButtonView.xib */; };
		4C6BEB77254EE449008DE2A8 /* HomeViewRouter.swift in Sources */ = {isa = PBXBuildFile; fileRef = 4C6BEB76254EE449008DE2A8 /* HomeViewRouter.swift */; };
		4C6BEB7B254EE59D008DE2A8 /* HomeViewInteractor.swift in Sources */ = {isa = PBXBuildFile; fileRef = 4C6BEB7A254EE59D008DE2A8 /* HomeViewInteractor.swift */; };
		4C70E9BB254DD0B800F34555 /* MenuInfo.json in Resources */ = {isa = PBXBuildFile; fileRef = 4C70E9BA254DD0B800F34555 /* MenuInfo.json */; };
		4C70E9BE254DD24900F34555 /* MenuCategoryModel.swift in Sources */ = {isa = PBXBuildFile; fileRef = 4C70E9BD254DD24900F34555 /* MenuCategoryModel.swift */; };
		4C70E9C1254DDB7300F34555 /* Protocols.swift in Sources */ = {isa = PBXBuildFile; fileRef = 4C70E9C0254DDB7300F34555 /* Protocols.swift */; };
/* End PBXBuildFile section */

/* Begin PBXFileReference section */
		4C09A977254C7BCE00F06B6A /* FoodDeliveryApp.app */ = {isa = PBXFileReference; explicitFileType = wrapper.application; includeInIndex = 0; path = FoodDeliveryApp.app; sourceTree = BUILT_PRODUCTS_DIR; };
		4C09A97A254C7BCF00F06B6A /* AppDelegate.swift */ = {isa = PBXFileReference; lastKnownFileType = sourcecode.swift; path = AppDelegate.swift; sourceTree = "<group>"; };
		4C09A97C254C7BCF00F06B6A /* SceneDelegate.swift */ = {isa = PBXFileReference; lastKnownFileType = sourcecode.swift; path = SceneDelegate.swift; sourceTree = "<group>"; };
		4C09A981254C7BCF00F06B6A /* Base */ = {isa = PBXFileReference; lastKnownFileType = file.storyboard; name = Base; path = Base.lproj/Main.storyboard; sourceTree = "<group>"; };
		4C09A983254C7BD500F06B6A /* Assets.xcassets */ = {isa = PBXFileReference; lastKnownFileType = folder.assetcatalog; path = Assets.xcassets; sourceTree = "<group>"; };
		4C09A986254C7BD500F06B6A /* Base */ = {isa = PBXFileReference; lastKnownFileType = file.storyboard; name = Base; path = Base.lproj/LaunchScreen.storyboard; sourceTree = "<group>"; };
		4C09A988254C7BD500F06B6A /* Info.plist */ = {isa = PBXFileReference; lastKnownFileType = text.plist.xml; path = Info.plist; sourceTree = "<group>"; };
		4C223843254EEC1A00DE4218 /* AppRouter.swift */ = {isa = PBXFileReference; fileEncoding = 4; lastKnownFileType = sourcecode.swift; path = AppRouter.swift; sourceTree = "<group>"; };
		4C223846254EEC5A00DE4218 /* AppPresenter.swift */ = {isa = PBXFileReference; fileEncoding = 4; lastKnownFileType = sourcecode.swift; path = AppPresenter.swift; sourceTree = "<group>"; };
		4C223848254EFBEE00DE4218 /* HomeViewController+CollectionView.swift */ = {isa = PBXFileReference; lastKnownFileType = sourcecode.swift; path = "HomeViewController+CollectionView.swift"; sourceTree = "<group>"; };
		4C22384B254EFF1700DE4218 /* CartRootViewController.swift */ = {isa = PBXFileReference; lastKnownFileType = sourcecode.swift; path = CartRootViewController.swift; sourceTree = "<group>"; };
		4C22384F254F056300DE4218 /* CartListViewController.swift */ = {isa = PBXFileReference; lastKnownFileType = sourcecode.swift; path = CartListViewController.swift; sourceTree = "<group>"; };
		4C223852254F062E00DE4218 /* WeekDayTableViewCell.swift */ = {isa = PBXFileReference; fileEncoding = 4; lastKnownFileType = sourcecode.swift; path = WeekDayTableViewCell.swift; sourceTree = "<group>"; };
		4C223855254F06C600DE4218 /* UIView+Anchors.swift */ = {isa = PBXFileReference; fileEncoding = 4; lastKnownFileType = sourcecode.swift; path = "UIView+Anchors.swift"; sourceTree = "<group>"; };
		4C6BEB12254ECB8B008DE2A8 /* DataRepository.swift */ = {isa = PBXFileReference; fileEncoding = 4; lastKnownFileType = sourcecode.swift; path = DataRepository.swift; sourceTree = "<group>"; };
		4C6BEB17254ECC17008DE2A8 /* CategoryMenuRepositoryMock.swift */ = {isa = PBXFileReference; lastKnownFileType = sourcecode.swift; path = CategoryMenuRepositoryMock.swift; sourceTree = "<group>"; };
		4C6BEB19254ECCDF008DE2A8 /* JsonPersistentSrorage.swift */ = {isa = PBXFileReference; lastKnownFileType = sourcecode.swift; path = JsonPersistentSrorage.swift; sourceTree = "<group>"; };
		4C6BEB1B254ECE47008DE2A8 /* RepositoryManager.swift */ = {isa = PBXFileReference; fileEncoding = 4; lastKnownFileType = sourcecode.swift; path = RepositoryManager.swift; sourceTree = "<group>"; };
		4C6BEB1E254ECEA0008DE2A8 /* HomeViewModel.swift */ = {isa = PBXFileReference; fileEncoding = 4; lastKnownFileType = sourcecode.swift; path = HomeViewModel.swift; sourceTree = "<group>"; };
		4C6BEB58254EE091008DE2A8 /* HomeViewPresenter.swift */ = {isa = PBXFileReference; lastKnownFileType = sourcecode.swift; path = HomeViewPresenter.swift; sourceTree = "<group>"; };
		4C6BEB5B254EE2AA008DE2A8 /* CollectionLayoutManager.swift */ = {isa = PBXFileReference; fileEncoding = 4; lastKnownFileType = sourcecode.swift; path = CollectionLayoutManager.swift; sourceTree = "<group>"; };
		4C6BEB5D254EE2AA008DE2A8 /* HomeViewController.swift */ = {isa = PBXFileReference; fileEncoding = 4; lastKnownFileType = sourcecode.swift; path = HomeViewController.swift; sourceTree = "<group>"; };
		4C6BEB60254EE2AA008DE2A8 /* CategoryView.swift */ = {isa = PBXFileReference; fileEncoding = 4; lastKnownFileType = sourcecode.swift; path = CategoryView.swift; sourceTree = "<group>"; };
		4C6BEB61254EE2AA008DE2A8 /* BannerCell.swift */ = {isa = PBXFileReference; fileEncoding = 4; lastKnownFileType = sourcecode.swift; path = BannerCell.swift; sourceTree = "<group>"; };
		4C6BEB62254EE2AA008DE2A8 /* FoodViewCell.swift */ = {isa = PBXFileReference; fileEncoding = 4; lastKnownFileType = sourcecode.swift; path = FoodViewCell.swift; sourceTree = "<group>"; };
		4C6BEB63254EE2AA008DE2A8 /* CategoryView.xib */ = {isa = PBXFileReference; fileEncoding = 4; lastKnownFileType = file.xib; path = CategoryView.xib; sourceTree = "<group>"; };
		4C6BEB64254EE2AA008DE2A8 /* FoodViewCell.xib */ = {isa = PBXFileReference; fileEncoding = 4; lastKnownFileType = file.xib; path = FoodViewCell.xib; sourceTree = "<group>"; };
		4C6BEB65254EE2AA008DE2A8 /* BannerCell.xib */ = {isa = PBXFileReference; fileEncoding = 4; lastKnownFileType = file.xib; path = BannerCell.xib; sourceTree = "<group>"; };
		4C6BEB67254EE2AA008DE2A8 /* CartButtonView.swift */ = {isa = PBXFileReference; fileEncoding = 4; lastKnownFileType = sourcecode.swift; path = CartButtonView.swift; sourceTree = "<group>"; };
		4C6BEB68254EE2AA008DE2A8 /* HomeBottomControlsStackView.swift */ = {isa = PBXFileReference; fileEncoding = 4; lastKnownFileType = sourcecode.swift; path = HomeBottomControlsStackView.swift; sourceTree = "<group>"; };
		4C6BEB69254EE2AA008DE2A8 /* CartButtonView.xib */ = {isa = PBXFileReference; fileEncoding = 4; lastKnownFileType = file.xib; path = CartButtonView.xib; sourceTree = "<group>"; };
		4C6BEB76254EE449008DE2A8 /* HomeViewRouter.swift */ = {isa = PBXFileReference; lastKnownFileType = sourcecode.swift; path = HomeViewRouter.swift; sourceTree = "<group>"; };
		4C6BEB7A254EE59D008DE2A8 /* HomeViewInteractor.swift */ = {isa = PBXFileReference; lastKnownFileType = sourcecode.swift; path = HomeViewInteractor.swift; sourceTree = "<group>"; };
		4C70E9BA254DD0B800F34555 /* MenuInfo.json */ = {isa = PBXFileReference; fileEncoding = 4; lastKnownFileType = text.json; path = MenuInfo.json; sourceTree = "<group>"; };
		4C70E9BD254DD24900F34555 /* MenuCategoryModel.swift */ = {isa = PBXFileReference; fileEncoding = 4; lastKnownFileType = sourcecode.swift; path = MenuCategoryModel.swift; sourceTree = "<group>"; };
		4C70E9C0254DDB7300F34555 /* Protocols.swift */ = {isa = PBXFileReference; lastKnownFileType = sourcecode.swift; path = Protocols.swift; sourceTree = "<group>"; };
/* End PBXFileReference section */

/* Begin PBXFrameworksBuildPhase section */
		4C09A974254C7BCE00F06B6A /* Frameworks */ = {
			isa = PBXFrameworksBuildPhase;
			buildActionMask = 2147483647;
			files = (
			);
			runOnlyForDeploymentPostprocessing = 0;
		};
/* End PBXFrameworksBuildPhase section */

/* Begin PBXGroup section */
		4C09A96E254C7BCE00F06B6A = {
			isa = PBXGroup;
			children = (
				4C09A979254C7BCE00F06B6A /* FoodDeliveryApp */,
				4C09A978254C7BCE00F06B6A /* Products */,
			);
			sourceTree = "<group>";
		};
		4C09A978254C7BCE00F06B6A /* Products */ = {
			isa = PBXGroup;
			children = (
				4C09A977254C7BCE00F06B6A /* FoodDeliveryApp.app */,
			);
			name = Products;
			sourceTree = "<group>";
		};
		4C09A979254C7BCE00F06B6A /* FoodDeliveryApp */ = {
			isa = PBXGroup;
			children = (
				4C223854254F06B000DE4218 /* Extension */,
				4C6BEB23254EDD53008DE2A8 /* Application Delegate */,
				4C6BEB20254ED236008DE2A8 /* Modules */,
				4C6BEB1D254ECE8A008DE2A8 /* ViewModel */,
				4C6BEB11254ECB5A008DE2A8 /* Repository */,
				4C70E9BF254DDB6500F34555 /* Protocol */,
				4C70E9BC254DD1AF00F34555 /* Model */,
				4C70E9B9254DD07F00F34555 /* Data */,
				4C09A97C254C7BCF00F06B6A /* SceneDelegate.swift */,
				4C09A980254C7BCF00F06B6A /* Main.storyboard */,
				4C09A983254C7BD500F06B6A /* Assets.xcassets */,
				4C09A985254C7BD500F06B6A /* LaunchScreen.storyboard */,
				4C09A988254C7BD500F06B6A /* Info.plist */,
			);
			path = FoodDeliveryApp;
			sourceTree = "<group>";
		};
		4C223840254EEC0000DE4218 /* Router */ = {
			isa = PBXGroup;
			children = (
				4C223843254EEC1A00DE4218 /* AppRouter.swift */,
			);
			path = Router;
			sourceTree = "<group>";
		};
		4C223845254EEC5000DE4218 /* Presenter */ = {
			isa = PBXGroup;
			children = (
				4C223846254EEC5A00DE4218 /* AppPresenter.swift */,
			);
			path = Presenter;
			sourceTree = "<group>";
		};
		4C22384A254EFEFC00DE4218 /* CartViewController */ = {
			isa = PBXGroup;
			children = (
				4C22384D254F054500DE4218 /* View */,
			);
			path = CartViewController;
			sourceTree = "<group>";
		};
		4C22384D254F054500DE4218 /* View */ = {
			isa = PBXGroup;
			children = (
				4C223851254F062400DE4218 /* Cell */,
				4C22384B254EFF1700DE4218 /* CartRootViewController.swift */,
				4C22384E254F054F00DE4218 /* Sub View */,
			);
			path = View;
			sourceTree = "<group>";
		};
		4C22384E254F054F00DE4218 /* Sub View */ = {
			isa = PBXGroup;
			children = (
				4C22384F254F056300DE4218 /* CartListViewController.swift */,
			);
			path = "Sub View";
			sourceTree = "<group>";
		};
		4C223851254F062400DE4218 /* Cell */ = {
			isa = PBXGroup;
			children = (
				4C223852254F062E00DE4218 /* WeekDayTableViewCell.swift */,
			);
			path = Cell;
			sourceTree = "<group>";
		};
		4C223854254F06B000DE4218 /* Extension */ = {
			isa = PBXGroup;
			children = (
				4C223855254F06C600DE4218 /* UIView+Anchors.swift */,
			);
			path = Extension;
			sourceTree = "<group>";
		};
		4C6BEB11254ECB5A008DE2A8 /* Repository */ = {
			isa = PBXGroup;
			children = (
				4C6BEB16254ECBCB008DE2A8 /* Mock Data */,
				4C6BEB15254ECBAC008DE2A8 /* Realm */,
				4C6BEB14254ECB99008DE2A8 /* Core Data */,
				4C6BEB12254ECB8B008DE2A8 /* DataRepository.swift */,
				4C6BEB1B254ECE47008DE2A8 /* RepositoryManager.swift */,
			);
			path = Repository;
			sourceTree = "<group>";
		};
		4C6BEB14254ECB99008DE2A8 /* Core Data */ = {
			isa = PBXGroup;
			children = (
			);
			path = "Core Data";
			sourceTree = "<group>";
		};
		4C6BEB15254ECBAC008DE2A8 /* Realm */ = {
			isa = PBXGroup;
			children = (
			);
			path = Realm;
			sourceTree = "<group>";
		};
		4C6BEB16254ECBCB008DE2A8 /* Mock Data */ = {
			isa = PBXGroup;
			children = (
				4C6BEB17254ECC17008DE2A8 /* CategoryMenuRepositoryMock.swift */,
				4C6BEB19254ECCDF008DE2A8 /* JsonPersistentSrorage.swift */,
			);
			path = "Mock Data";
			sourceTree = "<group>";
		};
		4C6BEB1D254ECE8A008DE2A8 /* ViewModel */ = {
			isa = PBXGroup;
			children = (
				4C6BEB1E254ECEA0008DE2A8 /* HomeViewModel.swift */,
			);
			path = ViewModel;
			sourceTree = "<group>";
		};
		4C6BEB20254ED236008DE2A8 /* Modules */ = {
			isa = PBXGroup;
			children = (
				4C22384A254EFEFC00DE4218 /* CartViewController */,
				4C6BEB5A254EE2AA008DE2A8 /* HomeViewController */,
			);
			path = Modules;
			sourceTree = "<group>";
		};
		4C6BEB23254EDD53008DE2A8 /* Application Delegate */ = {
			isa = PBXGroup;
			children = (
				4C223845254EEC5000DE4218 /* Presenter */,
				4C09A97A254C7BCF00F06B6A /* AppDelegate.swift */,
				4C223840254EEC0000DE4218 /* Router */,
			);
			path = "Application Delegate";
			sourceTree = "<group>";
		};
		4C6BEB57254EE051008DE2A8 /* Presenter */ = {
			isa = PBXGroup;
			children = (
				4C6BEB58254EE091008DE2A8 /* HomeViewPresenter.swift */,
			);
			path = Presenter;
			sourceTree = "<group>";
		};
		4C6BEB5A254EE2AA008DE2A8 /* HomeViewController */ = {
			isa = PBXGroup;
			children = (
				4C6BEB78254EE563008DE2A8 /* Interactor */,
				4C6BEB75254EE432008DE2A8 /* Router */,
				4C6BEB5B254EE2AA008DE2A8 /* CollectionLayoutManager.swift */,
				4C6BEB5C254EE2AA008DE2A8 /* View */,
				4C6BEB57254EE051008DE2A8 /* Presenter */,
			);
			path = HomeViewController;
			sourceTree = "<group>";
		};
		4C6BEB5C254EE2AA008DE2A8 /* View */ = {
			isa = PBXGroup;
			children = (
				4C6BEB5D254EE2AA008DE2A8 /* HomeViewController.swift */,
				4C223848254EFBEE00DE4218 /* HomeViewController+CollectionView.swift */,
				4C6BEB5E254EE2AA008DE2A8 /* SubView */,
			);
			path = View;
			sourceTree = "<group>";
		};
		4C6BEB5E254EE2AA008DE2A8 /* SubView */ = {
			isa = PBXGroup;
			children = (
				4C6BEB5F254EE2AA008DE2A8 /* Cell */,
				4C6BEB66254EE2AA008DE2A8 /* Custom View */,
			);
			path = SubView;
			sourceTree = "<group>";
		};
		4C6BEB5F254EE2AA008DE2A8 /* Cell */ = {
			isa = PBXGroup;
			children = (
				4C6BEB60254EE2AA008DE2A8 /* CategoryView.swift */,
				4C6BEB61254EE2AA008DE2A8 /* BannerCell.swift */,
				4C6BEB62254EE2AA008DE2A8 /* FoodViewCell.swift */,
				4C6BEB63254EE2AA008DE2A8 /* CategoryView.xib */,
				4C6BEB64254EE2AA008DE2A8 /* FoodViewCell.xib */,
				4C6BEB65254EE2AA008DE2A8 /* BannerCell.xib */,
			);
			path = Cell;
			sourceTree = "<group>";
		};
		4C6BEB66254EE2AA008DE2A8 /* Custom View */ = {
			isa = PBXGroup;
			children = (
				4C6BEB67254EE2AA008DE2A8 /* CartButtonView.swift */,
				4C6BEB68254EE2AA008DE2A8 /* HomeBottomControlsStackView.swift */,
				4C6BEB69254EE2AA008DE2A8 /* CartButtonView.xib */,
			);
			path = "Custom View";
			sourceTree = "<group>";
		};
		4C6BEB75254EE432008DE2A8 /* Router */ = {
			isa = PBXGroup;
			children = (
				4C6BEB76254EE449008DE2A8 /* HomeViewRouter.swift */,
			);
			path = Router;
			sourceTree = "<group>";
		};
		4C6BEB78254EE563008DE2A8 /* Interactor */ = {
			isa = PBXGroup;
			children = (
				4C6BEB7A254EE59D008DE2A8 /* HomeViewInteractor.swift */,
			);
			path = Interactor;
			sourceTree = "<group>";
		};
		4C70E9B9254DD07F00F34555 /* Data */ = {
			isa = PBXGroup;
			children = (
				4C70E9BA254DD0B800F34555 /* MenuInfo.json */,
			);
			path = Data;
			sourceTree = "<group>";
		};
		4C70E9BC254DD1AF00F34555 /* Model */ = {
			isa = PBXGroup;
			children = (
				4C70E9BD254DD24900F34555 /* MenuCategoryModel.swift */,
			);
			path = Model;
			sourceTree = "<group>";
		};
		4C70E9BF254DDB6500F34555 /* Protocol */ = {
			isa = PBXGroup;
			children = (
				4C70E9C0254DDB7300F34555 /* Protocols.swift */,
			);
			path = Protocol;
			sourceTree = "<group>";
		};
/* End PBXGroup section */

/* Begin PBXNativeTarget section */
		4C09A976254C7BCE00F06B6A /* FoodDeliveryApp */ = {
			isa = PBXNativeTarget;
			buildConfigurationList = 4C09A98B254C7BD500F06B6A /* Build configuration list for PBXNativeTarget "FoodDeliveryApp" */;
			buildPhases = (
				4C09A973254C7BCE00F06B6A /* Sources */,
				4C09A974254C7BCE00F06B6A /* Frameworks */,
				4C09A975254C7BCE00F06B6A /* Resources */,
			);
			buildRules = (
			);
			dependencies = (
			);
			name = FoodDeliveryApp;
			productName = FoodDeliveryApp;
			productReference = 4C09A977254C7BCE00F06B6A /* FoodDeliveryApp.app */;
			productType = "com.apple.product-type.application";
		};
/* End PBXNativeTarget section */

/* Begin PBXProject section */
		4C09A96F254C7BCE00F06B6A /* Project object */ = {
			isa = PBXProject;
			attributes = {
				LastSwiftUpdateCheck = 1160;
				LastUpgradeCheck = 1160;
				ORGANIZATIONNAME = "Shantaram K";
				TargetAttributes = {
					4C09A976254C7BCE00F06B6A = {
						CreatedOnToolsVersion = 11.6;
					};
				};
			};
			buildConfigurationList = 4C09A972254C7BCE00F06B6A /* Build configuration list for PBXProject "FoodDeliveryApp" */;
			compatibilityVersion = "Xcode 9.3";
			developmentRegion = en;
			hasScannedForEncodings = 0;
			knownRegions = (
				en,
				Base,
			);
			mainGroup = 4C09A96E254C7BCE00F06B6A;
			productRefGroup = 4C09A978254C7BCE00F06B6A /* Products */;
			projectDirPath = "";
			projectRoot = "";
			targets = (
				4C09A976254C7BCE00F06B6A /* FoodDeliveryApp */,
			);
		};
/* End PBXProject section */

/* Begin PBXResourcesBuildPhase section */
		4C09A975254C7BCE00F06B6A /* Resources */ = {
			isa = PBXResourcesBuildPhase;
			buildActionMask = 2147483647;
			files = (
				4C09A987254C7BD500F06B6A /* LaunchScreen.storyboard in Resources */,
				4C6BEB6F254EE2AA008DE2A8 /* CategoryView.xib in Resources */,
				4C6BEB70254EE2AA008DE2A8 /* FoodViewCell.xib in Resources */,
				4C6BEB74254EE2AA008DE2A8 /* CartButtonView.xib in Resources */,
				4C70E9BB254DD0B800F34555 /* MenuInfo.json in Resources */,
				4C09A984254C7BD500F06B6A /* Assets.xcassets in Resources */,
				4C6BEB71254EE2AA008DE2A8 /* BannerCell.xib in Resources */,
				4C09A982254C7BCF00F06B6A /* Main.storyboard in Resources */,
			);
			runOnlyForDeploymentPostprocessing = 0;
		};
/* End PBXResourcesBuildPhase section */

/* Begin PBXSourcesBuildPhase section */
		4C09A973254C7BCE00F06B6A /* Sources */ = {
			isa = PBXSourcesBuildPhase;
			buildActionMask = 2147483647;
			files = (
				4C6BEB6E254EE2AA008DE2A8 /* FoodViewCell.swift in Sources */,
				4C6BEB1A254ECCDF008DE2A8 /* JsonPersistentSrorage.swift in Sources */,
				4C223853254F062E00DE4218 /* WeekDayTableViewCell.swift in Sources */,
				4C6BEB59254EE091008DE2A8 /* HomeViewPresenter.swift in Sources */,
				4C6BEB6B254EE2AA008DE2A8 /* HomeViewController.swift in Sources */,
				4C223849254EFBEE00DE4218 /* HomeViewController+CollectionView.swift in Sources */,
				4C6BEB7B254EE59D008DE2A8 /* HomeViewInteractor.swift in Sources */,
				4C6BEB6D254EE2AA008DE2A8 /* BannerCell.swift in Sources */,
				4C6BEB73254EE2AA008DE2A8 /* HomeBottomControlsStackView.swift in Sources */,
				4C6BEB13254ECB8B008DE2A8 /* DataRepository.swift in Sources */,
				4C223844254EEC1A00DE4218 /* AppRouter.swift in Sources */,
				4C6BEB18254ECC17008DE2A8 /* CategoryMenuRepositoryMock.swift in Sources */,
				4C6BEB6C254EE2AA008DE2A8 /* CategoryView.swift in Sources */,
				4C223850254F056300DE4218 /* CartListViewController.swift in Sources */,
				4C6BEB1C254ECE47008DE2A8 /* RepositoryManager.swift in Sources */,
				4C223856254F06C600DE4218 /* UIView+Anchors.swift in Sources */,
				4C70E9C1254DDB7300F34555 /* Protocols.swift in Sources */,
				4C22384C254EFF1700DE4218 /* CartRootViewController.swift in Sources */,
				4C09A97B254C7BCF00F06B6A /* AppDelegate.swift in Sources */,
				4C70E9BE254DD24900F34555 /* MenuCategoryModel.swift in Sources */,
				4C6BEB6A254EE2AA008DE2A8 /* CollectionLayoutManager.swift in Sources */,
				4C6BEB77254EE449008DE2A8 /* HomeViewRouter.swift in Sources */,
				4C6BEB72254EE2AA008DE2A8 /* CartButtonView.swift in Sources */,
				4C6BEB1F254ECEA0008DE2A8 /* HomeViewModel.swift in Sources */,
				4C09A97D254C7BCF00F06B6A /* SceneDelegate.swift in Sources */,
				4C223847254EEC5A00DE4218 /* AppPresenter.swift in Sources */,
			);
			runOnlyForDeploymentPostprocessing = 0;
		};
/* End PBXSourcesBuildPhase section */

/* Begin PBXVariantGroup section */
		4C09A980254C7BCF00F06B6A /* Main.storyboard */ = {
			isa = PBXVariantGroup;
			children = (
				4C09A981254C7BCF00F06B6A /* Base */,
			);
			name = Main.storyboard;
			sourceTree = "<group>";
		};
		4C09A985254C7BD500F06B6A /* LaunchScreen.storyboard */ = {
			isa = PBXVariantGroup;
			children = (
				4C09A986254C7BD500F06B6A /* Base */,
			);
			name = LaunchScreen.storyboard;
			sourceTree = "<group>";
		};
/* End PBXVariantGroup section */

/* Begin XCBuildConfiguration section */
		4C09A989254C7BD500F06B6A /* Debug */ = {
			isa = XCBuildConfiguration;
			buildSettings = {
				ALWAYS_SEARCH_USER_PATHS = NO;
				CLANG_ANALYZER_NONNULL = YES;
				CLANG_ANALYZER_NUMBER_OBJECT_CONVERSION = YES_AGGRESSIVE;
				CLANG_CXX_LANGUAGE_STANDARD = "gnu++14";
				CLANG_CXX_LIBRARY = "libc++";
				CLANG_ENABLE_MODULES = YES;
				CLANG_ENABLE_OBJC_ARC = YES;
				CLANG_ENABLE_OBJC_WEAK = YES;
				CLANG_WARN_BLOCK_CAPTURE_AUTORELEASING = YES;
				CLANG_WARN_BOOL_CONVERSION = YES;
				CLANG_WARN_COMMA = YES;
				CLANG_WARN_CONSTANT_CONVERSION = YES;
				CLANG_WARN_DEPRECATED_OBJC_IMPLEMENTATIONS = YES;
				CLANG_WARN_DIRECT_OBJC_ISA_USAGE = YES_ERROR;
				CLANG_WARN_DOCUMENTATION_COMMENTS = YES;
				CLANG_WARN_EMPTY_BODY = YES;
				CLANG_WARN_ENUM_CONVERSION = YES;
				CLANG_WARN_INFINITE_RECURSION = YES;
				CLANG_WARN_INT_CONVERSION = YES;
				CLANG_WARN_NON_LITERAL_NULL_CONVERSION = YES;
				CLANG_WARN_OBJC_IMPLICIT_RETAIN_SELF = YES;
				CLANG_WARN_OBJC_LITERAL_CONVERSION = YES;
				CLANG_WARN_OBJC_ROOT_CLASS = YES_ERROR;
				CLANG_WARN_RANGE_LOOP_ANALYSIS = YES;
				CLANG_WARN_STRICT_PROTOTYPES = YES;
				CLANG_WARN_SUSPICIOUS_MOVE = YES;
				CLANG_WARN_UNGUARDED_AVAILABILITY = YES_AGGRESSIVE;
				CLANG_WARN_UNREACHABLE_CODE = YES;
				CLANG_WARN__DUPLICATE_METHOD_MATCH = YES;
				COPY_PHASE_STRIP = NO;
				DEBUG_INFORMATION_FORMAT = dwarf;
				ENABLE_STRICT_OBJC_MSGSEND = YES;
				ENABLE_TESTABILITY = YES;
				GCC_C_LANGUAGE_STANDARD = gnu11;
				GCC_DYNAMIC_NO_PIC = NO;
				GCC_NO_COMMON_BLOCKS = YES;
				GCC_OPTIMIZATION_LEVEL = 0;
				GCC_PREPROCESSOR_DEFINITIONS = (
					"DEBUG=1",
					"$(inherited)",
				);
				GCC_WARN_64_TO_32_BIT_CONVERSION = YES;
				GCC_WARN_ABOUT_RETURN_TYPE = YES_ERROR;
				GCC_WARN_UNDECLARED_SELECTOR = YES;
				GCC_WARN_UNINITIALIZED_AUTOS = YES_AGGRESSIVE;
				GCC_WARN_UNUSED_FUNCTION = YES;
				GCC_WARN_UNUSED_VARIABLE = YES;
				IPHONEOS_DEPLOYMENT_TARGET = 13.6;
				MTL_ENABLE_DEBUG_INFO = INCLUDE_SOURCE;
				MTL_FAST_MATH = YES;
				ONLY_ACTIVE_ARCH = YES;
				SDKROOT = iphoneos;
				SWIFT_ACTIVE_COMPILATION_CONDITIONS = DEBUG;
				SWIFT_OPTIMIZATION_LEVEL = "-Onone";
			};
			name = Debug;
		};
		4C09A98A254C7BD500F06B6A /* Release */ = {
			isa = XCBuildConfiguration;
			buildSettings = {
				ALWAYS_SEARCH_USER_PATHS = NO;
				CLANG_ANALYZER_NONNULL = YES;
				CLANG_ANALYZER_NUMBER_OBJECT_CONVERSION = YES_AGGRESSIVE;
				CLANG_CXX_LANGUAGE_STANDARD = "gnu++14";
				CLANG_CXX_LIBRARY = "libc++";
				CLANG_ENABLE_MODULES = YES;
				CLANG_ENABLE_OBJC_ARC = YES;
				CLANG_ENABLE_OBJC_WEAK = YES;
				CLANG_WARN_BLOCK_CAPTURE_AUTORELEASING = YES;
				CLANG_WARN_BOOL_CONVERSION = YES;
				CLANG_WARN_COMMA = YES;
				CLANG_WARN_CONSTANT_CONVERSION = YES;
				CLANG_WARN_DEPRECATED_OBJC_IMPLEMENTATIONS = YES;
				CLANG_WARN_DIRECT_OBJC_ISA_USAGE = YES_ERROR;
				CLANG_WARN_DOCUMENTATION_COMMENTS = YES;
				CLANG_WARN_EMPTY_BODY = YES;
				CLANG_WARN_ENUM_CONVERSION = YES;
				CLANG_WARN_INFINITE_RECURSION = YES;
				CLANG_WARN_INT_CONVERSION = YES;
				CLANG_WARN_NON_LITERAL_NULL_CONVERSION = YES;
				CLANG_WARN_OBJC_IMPLICIT_RETAIN_SELF = YES;
				CLANG_WARN_OBJC_LITERAL_CONVERSION = YES;
				CLANG_WARN_OBJC_ROOT_CLASS = YES_ERROR;
				CLANG_WARN_RANGE_LOOP_ANALYSIS = YES;
				CLANG_WARN_STRICT_PROTOTYPES = YES;
				CLANG_WARN_SUSPICIOUS_MOVE = YES;
				CLANG_WARN_UNGUARDED_AVAILABILITY = YES_AGGRESSIVE;
				CLANG_WARN_UNREACHABLE_CODE = YES;
				CLANG_WARN__DUPLICATE_METHOD_MATCH = YES;
				COPY_PHASE_STRIP = NO;
				DEBUG_INFORMATION_FORMAT = "dwarf-with-dsym";
				ENABLE_NS_ASSERTIONS = NO;
				ENABLE_STRICT_OBJC_MSGSEND = YES;
				GCC_C_LANGUAGE_STANDARD = gnu11;
				GCC_NO_COMMON_BLOCKS = YES;
				GCC_WARN_64_TO_32_BIT_CONVERSION = YES;
				GCC_WARN_ABOUT_RETURN_TYPE = YES_ERROR;
				GCC_WARN_UNDECLARED_SELECTOR = YES;
				GCC_WARN_UNINITIALIZED_AUTOS = YES_AGGRESSIVE;
				GCC_WARN_UNUSED_FUNCTION = YES;
				GCC_WARN_UNUSED_VARIABLE = YES;
				IPHONEOS_DEPLOYMENT_TARGET = 13.6;
				MTL_ENABLE_DEBUG_INFO = NO;
				MTL_FAST_MATH = YES;
				SDKROOT = iphoneos;
				SWIFT_COMPILATION_MODE = wholemodule;
				SWIFT_OPTIMIZATION_LEVEL = "-O";
				VALIDATE_PRODUCT = YES;
			};
			name = Release;
		};
		4C09A98C254C7BD500F06B6A /* Debug */ = {
			isa = XCBuildConfiguration;
			buildSettings = {
				ASSETCATALOG_COMPILER_APPICON_NAME = AppIcon;
				CODE_SIGN_STYLE = Automatic;
				DEVELOPMENT_TEAM = GA4BAP9K3F;
				INFOPLIST_FILE = FoodDeliveryApp/Info.plist;
				IPHONEOS_DEPLOYMENT_TARGET = 13.0;
				LD_RUNPATH_SEARCH_PATHS = (
					"$(inherited)",
					"@executable_path/Frameworks",
				);
				PRODUCT_BUNDLE_IDENTIFIER = www.www.demo1;
				PRODUCT_NAME = "$(TARGET_NAME)";
				SWIFT_VERSION = 5.0;
				TARGETED_DEVICE_FAMILY = "1,2";
			};
			name = Debug;
		};
		4C09A98D254C7BD500F06B6A /* Release */ = {
			isa = XCBuildConfiguration;
			buildSettings = {
				ASSETCATALOG_COMPILER_APPICON_NAME = AppIcon;
				CODE_SIGN_STYLE = Automatic;
				DEVELOPMENT_TEAM = GA4BAP9K3F;
				INFOPLIST_FILE = FoodDeliveryApp/Info.plist;
				IPHONEOS_DEPLOYMENT_TARGET = 13.0;
				LD_RUNPATH_SEARCH_PATHS = (
					"$(inherited)",
					"@executable_path/Frameworks",
				);
				PRODUCT_BUNDLE_IDENTIFIER = www.www.demo1;
				PRODUCT_NAME = "$(TARGET_NAME)";
				SWIFT_VERSION = 5.0;
				TARGETED_DEVICE_FAMILY = "1,2";
			};
			name = Release;
		};
/* End XCBuildConfiguration section */

/* Begin XCConfigurationList section */
		4C09A972254C7BCE00F06B6A /* Build configuration list for PBXProject "FoodDeliveryApp" */ = {
			isa = XCConfigurationList;
			buildConfigurations = (
				4C09A989254C7BD500F06B6A /* Debug */,
				4C09A98A254C7BD500F06B6A /* Release */,
			);
			defaultConfigurationIsVisible = 0;
			defaultConfigurationName = Release;
		};
		4C09A98B254C7BD500F06B6A /* Build configuration list for PBXNativeTarget "FoodDeliveryApp" */ = {
			isa = XCConfigurationList;
			buildConfigurations = (
				4C09A98C254C7BD500F06B6A /* Debug */,
				4C09A98D254C7BD500F06B6A /* Release */,
			);
			defaultConfigurationIsVisible = 0;
			defaultConfigurationName = Release;
		};
/* End XCConfigurationList section */
	};
	rootObject = 4C09A96F254C7BCE00F06B6A /* Project object */;
}
